
Microsoft Visual Studio Solution File, Format Version 12.00
# Visual Studio Version 16
VisualStudioVersion = 16.0.29519.87
MinimumVisualStudioVersion = 10.0.40219.1
Project("{FAE04EC0-301F-11D3-BF4B-00C04F79EFBC}") = "VM Management Tool", "VM Management Tool\VM Management Tool.csproj", "{99F20684-F517-4B8F-945B-514B52A1FF95}"
EndProject
Global
	GlobalSection(SolutionConfigurationPlatforms) = preSolution
		Debug|Any CPU = Debug|Any CPU
		Release|Any CPU = Release|Any CPU
	EndGlobalSection
	GlobalSection(ProjectConfigurationPlatforms) = postSolution
		{99F20684-F517-4B8F-945B-514B52A1FF95}.Debug|Any CPU.ActiveCfg = Debug|Any CPU
		{99F20684-F517-4B8F-945B-514B52A1FF95}.Debug|Any CPU.Build.0 = Debug|Any CPU
		{99F20684-F517-4B8F-945B-514B52A1FF95}.Release|Any CPU.ActiveCfg = Release|Any CPU
		{99F20684-F517-4B8F-945B-514B52A1FF95}.Release|Any CPU.Build.0 = Release|Any CPU
	EndGlobalSection
	GlobalSection(SolutionProperties) = preSolution
		HideSolutionNode = FALSE
	EndGlobalSection
	GlobalSection(ExtensibilityGlobals) = postSolution
		SolutionGuid = {FEFAE105-5CD8-41CF-9E94-5459120D5931}
	EndGlobalSection
EndGlobal
